
Microsoft Visual Studio Solution File, Format Version 12.00
# Visual Studio Version 16
VisualStudioVersion = 16.0.31313.79
MinimumVisualStudioVersion = 10.0.40219.1
Project("{8BC9CEB8-8B4A-11D0-8D11-00A0C91BC942}") = "2022-03", "2022-03\2022-03.vcxproj", "{003F0735-855A-42C4-98FB-427ACA4C42BB}"
EndProject
Global
	GlobalSection(SolutionConfigurationPlatforms) = preSolution
		Debug|x64 = Debug|x64
		Debug|x86 = Debug|x86
		Release|x64 = Release|x64
		Release|x86 = Release|x86
	EndGlobalSection
	GlobalSection(ProjectConfigurationPlatforms) = postSolution
		{003F0735-855A-42C4-98FB-427ACA4C42BB}.Debug|x64.ActiveCfg = Debug|x64
		{003F0735-855A-42C4-98FB-427ACA4C42BB}.Debug|x64.Build.0 = Debug|x64
		{003F0735-855A-42C4-98FB-427ACA4C42BB}.Debug|x86.ActiveCfg = Debug|Win32
		{003F0735-855A-42C4-98FB-427ACA4C42BB}.Debug|x86.Build.0 = Debug|Win32
		{003F0735-855A-42C4-98FB-427ACA4C42BB}.Release|x64.ActiveCfg = Release|x64
		{003F0735-855A-42C4-98FB-427ACA4C42BB}.Release|x64.Build.0 = Release|x64
		{003F0735-855A-42C4-98FB-427ACA4C42BB}.Release|x86.ActiveCfg = Release|Win32
		{003F0735-855A-42C4-98FB-427ACA4C42BB}.Release|x86.Build.0 = Release|Win32
	EndGlobalSection
	GlobalSection(SolutionProperties) = preSolution
		HideSolutionNode = FALSE
	EndGlobalSection
	GlobalSection(ExtensibilityGlobals) = postSolution
		SolutionGuid = {54D9DD56-A071-41A7-8F8E-1D56A6BE4D94}
	EndGlobalSection
EndGlobal
