
Microsoft Visual Studio Solution File, Format Version 12.00
# Visual Studio Version 16
VisualStudioVersion = 16.0.31313.79
MinimumVisualStudioVersion = 10.0.40219.1
Project("{8BC9CEB8-8B4A-11D0-8D11-00A0C91BC942}") = "2021-09", "2021-09\2021-09.vcxproj", "{37385CFD-6B8B-4F5E-995E-4A04F757A915}"
EndProject
Global
	GlobalSection(SolutionConfigurationPlatforms) = preSolution
		Debug|x64 = Debug|x64
		Debug|x86 = Debug|x86
		Release|x64 = Release|x64
		Release|x86 = Release|x86
	EndGlobalSection
	GlobalSection(ProjectConfigurationPlatforms) = postSolution
		{37385CFD-6B8B-4F5E-995E-4A04F757A915}.Debug|x64.ActiveCfg = Debug|x64
		{37385CFD-6B8B-4F5E-995E-4A04F757A915}.Debug|x64.Build.0 = Debug|x64
		{37385CFD-6B8B-4F5E-995E-4A04F757A915}.Debug|x86.ActiveCfg = Debug|Win32
		{37385CFD-6B8B-4F5E-995E-4A04F757A915}.Debug|x86.Build.0 = Debug|Win32
		{37385CFD-6B8B-4F5E-995E-4A04F757A915}.Release|x64.ActiveCfg = Release|x64
		{37385CFD-6B8B-4F5E-995E-4A04F757A915}.Release|x64.Build.0 = Release|x64
		{37385CFD-6B8B-4F5E-995E-4A04F757A915}.Release|x86.ActiveCfg = Release|Win32
		{37385CFD-6B8B-4F5E-995E-4A04F757A915}.Release|x86.Build.0 = Release|Win32
	EndGlobalSection
	GlobalSection(SolutionProperties) = preSolution
		HideSolutionNode = FALSE
	EndGlobalSection
	GlobalSection(ExtensibilityGlobals) = postSolution
		SolutionGuid = {D42D4E99-24C6-4DDF-A18E-7656144D0523}
	EndGlobalSection
EndGlobal
